
Microsoft Visual Studio Solution File, Format Version 12.00
# Visual Studio Version 16
VisualStudioVersion = 16.0.31313.79
MinimumVisualStudioVersion = 10.0.40219.1
Project("{FAE04EC0-301F-11D3-BF4B-00C04F79EFBC}") = "ParallelismTestApp", "ParallelismTestApp\ParallelismTestApp.csproj", "{0EB21207-7970-4137-A1B9-642830A70FDF}"
EndProject
Global
	GlobalSection(SolutionConfigurationPlatforms) = preSolution
		Debug|Any CPU = Debug|Any CPU
		Release|Any CPU = Release|Any CPU
	EndGlobalSection
	GlobalSection(ProjectConfigurationPlatforms) = postSolution
		{0EB21207-7970-4137-A1B9-642830A70FDF}.Debug|Any CPU.ActiveCfg = Debug|Any CPU
		{0EB21207-7970-4137-A1B9-642830A70FDF}.Debug|Any CPU.Build.0 = Debug|Any CPU
		{0EB21207-7970-4137-A1B9-642830A70FDF}.Release|Any CPU.ActiveCfg = Release|Any CPU
		{0EB21207-7970-4137-A1B9-642830A70FDF}.Release|Any CPU.Build.0 = Release|Any CPU
	EndGlobalSection
	GlobalSection(SolutionProperties) = preSolution
		HideSolutionNode = FALSE
	EndGlobalSection
	GlobalSection(ExtensibilityGlobals) = postSolution
		SolutionGuid = {0E46D02E-1B89-4E9B-8F52-E44947D022E9}
	EndGlobalSection
EndGlobal
